// !$*UTF8*$!
{
	archiveVersion = 1;
	classes = {
	};
	objectVersion = 55;
	objects = {

/* Begin PBXBuildFile section */
		B807DEA32745C09F005F3701 /* ContentViewModel.swift in Sources */ = {isa = PBXBuildFile; fileRef = B807DEA22745C09F005F3701 /* ContentViewModel.swift */; };
		B807DEA52745C3EF005F3701 /* EnslistmentProvider.swift in Sources */ = {isa = PBXBuildFile; fileRef = B807DEA42745C3EF005F3701 /* EnslistmentProvider.swift */; };
		B8506A032742FB4B002B282E /* EnlistmentApp.swift in Sources */ = {isa = PBXBuildFile; fileRef = B8506A022742FB4B002B282E /* EnlistmentApp.swift */; };
		B8506A052742FB4B002B282E /* ContentView.swift in Sources */ = {isa = PBXBuildFile; fileRef = B8506A042742FB4B002B282E /* ContentView.swift */; };
		B8506A072742FB4C002B282E /* Assets.xcassets in Resources */ = {isa = PBXBuildFile; fileRef = B8506A062742FB4C002B282E /* Assets.xcassets */; };
		B8506A0A2742FB4C002B282E /* Preview Assets.xcassets in Resources */ = {isa = PBXBuildFile; fileRef = B8506A092742FB4C002B282E /* Preview Assets.xcassets */; };
		B8506A142742FB4C002B282E /* EnlistmentAppTests.swift in Sources */ = {isa = PBXBuildFile; fileRef = B8506A132742FB4C002B282E /* EnlistmentAppTests.swift */; };
		B8506A1E2742FB4C002B282E /* EnlistmentAppUITests.swift in Sources */ = {isa = PBXBuildFile; fileRef = B8506A1D2742FB4C002B282E /* EnlistmentAppUITests.swift */; };
		B8506A202742FB4C002B282E /* EnlistmentAppUITestsLaunchTests.swift in Sources */ = {isa = PBXBuildFile; fileRef = B8506A1F2742FB4C002B282E /* EnlistmentAppUITestsLaunchTests.swift */; };
		B8506A2F2742FB90002B282E /* EnlistmentCalculator.mlmodel in Sources */ = {isa = PBXBuildFile; fileRef = B8506A2E2742FB90002B282E /* EnlistmentCalculator.mlmodel */; };
/* End PBXBuildFile section */

/* Begin PBXContainerItemProxy section */
		B8506A102742FB4C002B282E /* PBXContainerItemProxy */ = {
			isa = PBXContainerItemProxy;
			containerPortal = B85069F72742FB4B002B282E /* Project object */;
			proxyType = 1;
			remoteGlobalIDString = B85069FE2742FB4B002B282E;
			remoteInfo = EnlistmentApp;
		};
		B8506A1A2742FB4C002B282E /* PBXContainerItemProxy */ = {
			isa = PBXContainerItemProxy;
			containerPortal = B85069F72742FB4B002B282E /* Project object */;
			proxyType = 1;
			remoteGlobalIDString = B85069FE2742FB4B002B282E;
			remoteInfo = EnlistmentApp;
		};
/* End PBXContainerItemProxy section */

/* Begin PBXFileReference section */
		B807DEA22745C09F005F3701 /* ContentViewModel.swift */ = {isa = PBXFileReference; lastKnownFileType = sourcecode.swift; path = ContentViewModel.swift; sourceTree = "<group>"; };
		B807DEA42745C3EF005F3701 /* EnslistmentProvider.swift */ = {isa = PBXFileReference; lastKnownFileType = sourcecode.swift; path = EnslistmentProvider.swift; sourceTree = "<group>"; };
		B85069FF2742FB4B002B282E /* EnlistmentApp.app */ = {isa = PBXFileReference; explicitFileType = wrapper.application; includeInIndex = 0; path = EnlistmentApp.app; sourceTree = BUILT_PRODUCTS_DIR; };
		B8506A022742FB4B002B282E /* EnlistmentApp.swift */ = {isa = PBXFileReference; lastKnownFileType = sourcecode.swift; path = EnlistmentApp.swift; sourceTree = "<group>"; };
		B8506A042742FB4B002B282E /* ContentView.swift */ = {isa = PBXFileReference; lastKnownFileType = sourcecode.swift; path = ContentView.swift; sourceTree = "<group>"; };
		B8506A062742FB4C002B282E /* Assets.xcassets */ = {isa = PBXFileReference; lastKnownFileType = folder.assetcatalog; path = Assets.xcassets; sourceTree = "<group>"; };
		B8506A092742FB4C002B282E /* Preview Assets.xcassets */ = {isa = PBXFileReference; lastKnownFileType = folder.assetcatalog; path = "Preview Assets.xcassets"; sourceTree = "<group>"; };
		B8506A0F2742FB4C002B282E /* EnlistmentAppTests.xctest */ = {isa = PBXFileReference; explicitFileType = wrapper.cfbundle; includeInIndex = 0; path = EnlistmentAppTests.xctest; sourceTree = BUILT_PRODUCTS_DIR; };
		B8506A132742FB4C002B282E /* EnlistmentAppTests.swift */ = {isa = PBXFileReference; lastKnownFileType = sourcecode.swift; path = EnlistmentAppTests.swift; sourceTree = "<group>"; };
		B8506A192742FB4C002B282E /* EnlistmentAppUITests.xctest */ = {isa = PBXFileReference; explicitFileType = wrapper.cfbundle; includeInIndex = 0; path = EnlistmentAppUITests.xctest; sourceTree = BUILT_PRODUCTS_DIR; };
		B8506A1D2742FB4C002B282E /* EnlistmentAppUITests.swift */ = {isa = PBXFileReference; lastKnownFileType = sourcecode.swift; path = EnlistmentAppUITests.swift; sourceTree = "<group>"; };
		B8506A1F2742FB4C002B282E /* EnlistmentAppUITestsLaunchTests.swift */ = {isa = PBXFileReference; lastKnownFileType = sourcecode.swift; path = EnlistmentAppUITestsLaunchTests.swift; sourceTree = "<group>"; };
		B8506A2E2742FB90002B282E /* EnlistmentCalculator.mlmodel */ = {isa = PBXFileReference; lastKnownFileType = file.mlmodel; path = EnlistmentCalculator.mlmodel; sourceTree = SOURCE_ROOT; };
/* End PBXFileReference section */

/* Begin PBXFrameworksBuildPhase section */
		B85069FC2742FB4B002B282E /* Frameworks */ = {
			isa = PBXFrameworksBuildPhase;
			buildActionMask = 2147483647;
			files = (
			);
			runOnlyForDeploymentPostprocessing = 0;
		};
		B8506A0C2742FB4C002B282E /* Frameworks */ = {
			isa = PBXFrameworksBuildPhase;
			buildActionMask = 2147483647;
			files = (
			);
			runOnlyForDeploymentPostprocessing = 0;
		};
		B8506A162742FB4C002B282E /* Frameworks */ = {
			isa = PBXFrameworksBuildPhase;
			buildActionMask = 2147483647;
			files = (
			);
			runOnlyForDeploymentPostprocessing = 0;
		};
/* End PBXFrameworksBuildPhase section */

/* Begin PBXGroup section */
		B85069F62742FB4B002B282E = {
			isa = PBXGroup;
			children = (
				B8506A012742FB4B002B282E /* EnlistmentApp */,
				B8506A122742FB4C002B282E /* EnlistmentAppTests */,
				B8506A1C2742FB4C002B282E /* EnlistmentAppUITests */,
				B8506A002742FB4B002B282E /* Products */,
			);
			sourceTree = "<group>";
		};
		B8506A002742FB4B002B282E /* Products */ = {
			isa = PBXGroup;
			children = (
				B85069FF2742FB4B002B282E /* EnlistmentApp.app */,
				B8506A0F2742FB4C002B282E /* EnlistmentAppTests.xctest */,
				B8506A192742FB4C002B282E /* EnlistmentAppUITests.xctest */,
			);
			name = Products;
			sourceTree = "<group>";
		};
		B8506A012742FB4B002B282E /* EnlistmentApp */ = {
			isa = PBXGroup;
			children = (
				B8506A2E2742FB90002B282E /* EnlistmentCalculator.mlmodel */,
				B8506A022742FB4B002B282E /* EnlistmentApp.swift */,
				B8506A042742FB4B002B282E /* ContentView.swift */,
				B807DEA22745C09F005F3701 /* ContentViewModel.swift */,
				B807DEA42745C3EF005F3701 /* EnslistmentProvider.swift */,
				B8506A062742FB4C002B282E /* Assets.xcassets */,
				B8506A082742FB4C002B282E /* Preview Content */,
			);
			path = EnlistmentApp;
			sourceTree = "<group>";
		};
		B8506A082742FB4C002B282E /* Preview Content */ = {
			isa = PBXGroup;
			children = (
				B8506A092742FB4C002B282E /* Preview Assets.xcassets */,
			);
			path = "Preview Content";
			sourceTree = "<group>";
		};
		B8506A122742FB4C002B282E /* EnlistmentAppTests */ = {
			isa = PBXGroup;
			children = (
				B8506A132742FB4C002B282E /* EnlistmentAppTests.swift */,
			);
			path = EnlistmentAppTests;
			sourceTree = "<group>";
		};
		B8506A1C2742FB4C002B282E /* EnlistmentAppUITests */ = {
			isa = PBXGroup;
			children = (
				B8506A1D2742FB4C002B282E /* EnlistmentAppUITests.swift */,
				B8506A1F2742FB4C002B282E /* EnlistmentAppUITestsLaunchTests.swift */,
			);
			path = EnlistmentAppUITests;
			sourceTree = "<group>";
		};
/* End PBXGroup section */

/* Begin PBXNativeTarget section */
		B85069FE2742FB4B002B282E /* EnlistmentApp */ = {
			isa = PBXNativeTarget;
			buildConfigurationList = B8506A232742FB4C002B282E /* Build configuration list for PBXNativeTarget "EnlistmentApp" */;
			buildPhases = (
				B85069FB2742FB4B002B282E /* Sources */,
				B85069FC2742FB4B002B282E /* Frameworks */,
				B85069FD2742FB4B002B282E /* Resources */,
			);
			buildRules = (
			);
			dependencies = (
			);
			name = EnlistmentApp;
			productName = EnlistmentApp;
			productReference = B85069FF2742FB4B002B282E /* EnlistmentApp.app */;
			productType = "com.apple.product-type.application";
		};
		B8506A0E2742FB4C002B282E /* EnlistmentAppTests */ = {
			isa = PBXNativeTarget;
			buildConfigurationList = B8506A262742FB4C002B282E /* Build configuration list for PBXNativeTarget "EnlistmentAppTests" */;
			buildPhases = (
				B8506A0B2742FB4C002B282E /* Sources */,
				B8506A0C2742FB4C002B282E /* Frameworks */,
				B8506A0D2742FB4C002B282E /* Resources */,
			);
			buildRules = (
			);
			dependencies = (
				B8506A112742FB4C002B282E /* PBXTargetDependency */,
			);
			name = EnlistmentAppTests;
			productName = EnlistmentAppTests;
			productReference = B8506A0F2742FB4C002B282E /* EnlistmentAppTests.xctest */;
			productType = "com.apple.product-type.bundle.unit-test";
		};
		B8506A182742FB4C002B282E /* EnlistmentAppUITests */ = {
			isa = PBXNativeTarget;
			buildConfigurationList = B8506A292742FB4C002B282E /* Build configuration list for PBXNativeTarget "EnlistmentAppUITests" */;
			buildPhases = (
				B8506A152742FB4C002B282E /* Sources */,
				B8506A162742FB4C002B282E /* Frameworks */,
				B8506A172742FB4C002B282E /* Resources */,
			);
			buildRules = (
			);
			dependencies = (
				B8506A1B2742FB4C002B282E /* PBXTargetDependency */,
			);
			name = EnlistmentAppUITests;
			productName = EnlistmentAppUITests;
			productReference = B8506A192742FB4C002B282E /* EnlistmentAppUITests.xctest */;
			productType = "com.apple.product-type.bundle.ui-testing";
		};
/* End PBXNativeTarget section */

/* Begin PBXProject section */
		B85069F72742FB4B002B282E /* Project object */ = {
			isa = PBXProject;
			attributes = {
				BuildIndependentTargetsInParallel = 1;
				LastSwiftUpdateCheck = 1310;
				LastUpgradeCheck = 1310;
				TargetAttributes = {
					B85069FE2742FB4B002B282E = {
						CreatedOnToolsVersion = 13.1;
					};
					B8506A0E2742FB4C002B282E = {
						CreatedOnToolsVersion = 13.1;
						TestTargetID = B85069FE2742FB4B002B282E;
					};
					B8506A182742FB4C002B282E = {
						CreatedOnToolsVersion = 13.1;
						TestTargetID = B85069FE2742FB4B002B282E;
					};
				};
			};
			buildConfigurationList = B85069FA2742FB4B002B282E /* Build configuration list for PBXProject "EnlistmentApp" */;
			compatibilityVersion = "Xcode 13.0";
			developmentRegion = en;
			hasScannedForEncodings = 0;
			knownRegions = (
				en,
				Base,
			);
			mainGroup = B85069F62742FB4B002B282E;
			productRefGroup = B8506A002742FB4B002B282E /* Products */;
			projectDirPath = "";
			projectRoot = "";
			targets = (
				B85069FE2742FB4B002B282E /* EnlistmentApp */,
				B8506A0E2742FB4C002B282E /* EnlistmentAppTests */,
				B8506A182742FB4C002B282E /* EnlistmentAppUITests */,
			);
		};
/* End PBXProject section */

/* Begin PBXResourcesBuildPhase section */
		B85069FD2742FB4B002B282E /* Resources */ = {
			isa = PBXResourcesBuildPhase;
			buildActionMask = 2147483647;
			files = (
				B8506A0A2742FB4C002B282E /* Preview Assets.xcassets in Resources */,
				B8506A072742FB4C002B282E /* Assets.xcassets in Resources */,
			);
			runOnlyForDeploymentPostprocessing = 0;
		};
		B8506A0D2742FB4C002B282E /* Resources */ = {
			isa = PBXResourcesBuildPhase;
			buildActionMask = 2147483647;
			files = (
			);
			runOnlyForDeploymentPostprocessing = 0;
		};
		B8506A172742FB4C002B282E /* Resources */ = {
			isa = PBXResourcesBuildPhase;
			buildActionMask = 2147483647;
			files = (
			);
			runOnlyForDeploymentPostprocessing = 0;
		};
/* End PBXResourcesBuildPhase section */

/* Begin PBXSourcesBuildPhase section */
		B85069FB2742FB4B002B282E /* Sources */ = {
			isa = PBXSourcesBuildPhase;
			buildActionMask = 2147483647;
			files = (
				B807DEA32745C09F005F3701 /* ContentViewModel.swift in Sources */,
				B8506A2F2742FB90002B282E /* EnlistmentCalculator.mlmodel in Sources */,
				B807DEA52745C3EF005F3701 /* EnslistmentProvider.swift in Sources */,
				B8506A052742FB4B002B282E /* ContentView.swift in Sources */,
				B8506A032742FB4B002B282E /* EnlistmentApp.swift in Sources */,
			);
			runOnlyForDeploymentPostprocessing = 0;
		};
		B8506A0B2742FB4C002B282E /* Sources */ = {
			isa = PBXSourcesBuildPhase;
			buildActionMask = 2147483647;
			files = (
				B8506A142742FB4C002B282E /* EnlistmentAppTests.swift in Sources */,
			);
			runOnlyForDeploymentPostprocessing = 0;
		};
		B8506A152742FB4C002B282E /* Sources */ = {
			isa = PBXSourcesBuildPhase;
			buildActionMask = 2147483647;
			files = (
				B8506A1E2742FB4C002B282E /* EnlistmentAppUITests.swift in Sources */,
				B8506A202742FB4C002B282E /* EnlistmentAppUITestsLaunchTests.swift in Sources */,
			);
			runOnlyForDeploymentPostprocessing = 0;
		};
/* End PBXSourcesBuildPhase section */

/* Begin PBXTargetDependency section */
		B8506A112742FB4C002B282E /* PBXTargetDependency */ = {
			isa = PBXTargetDependency;
			target = B85069FE2742FB4B002B282E /* EnlistmentApp */;
			targetProxy = B8506A102742FB4C002B282E /* PBXContainerItemProxy */;
		};
		B8506A1B2742FB4C002B282E /* PBXTargetDependency */ = {
			isa = PBXTargetDependency;
			target = B85069FE2742FB4B002B282E /* EnlistmentApp */;
			targetProxy = B8506A1A2742FB4C002B282E /* PBXContainerItemProxy */;
		};
/* End PBXTargetDependency section */

/* Begin XCBuildConfiguration section */
		B8506A212742FB4C002B282E /* Debug */ = {
			isa = XCBuildConfiguration;
			buildSettings = {
				ALWAYS_SEARCH_USER_PATHS = NO;
				CLANG_ANALYZER_NONNULL = YES;
				CLANG_ANALYZER_NUMBER_OBJECT_CONVERSION = YES_AGGRESSIVE;
				CLANG_CXX_LANGUAGE_STANDARD = "gnu++17";
				CLANG_CXX_LIBRARY = "libc++";
				CLANG_ENABLE_MODULES = YES;
				CLANG_ENABLE_OBJC_ARC = YES;
				CLANG_ENABLE_OBJC_WEAK = YES;
				CLANG_WARN_BLOCK_CAPTURE_AUTORELEASING = YES;
				CLANG_WARN_BOOL_CONVERSION = YES;
				CLANG_WARN_COMMA = YES;
				CLANG_WARN_CONSTANT_CONVERSION = YES;
				CLANG_WARN_DEPRECATED_OBJC_IMPLEMENTATIONS = YES;
				CLANG_WARN_DIRECT_OBJC_ISA_USAGE = YES_ERROR;
				CLANG_WARN_DOCUMENTATION_COMMENTS = YES;
				CLANG_WARN_EMPTY_BODY = YES;
				CLANG_WARN_ENUM_CONVERSION = YES;
				CLANG_WARN_INFINITE_RECURSION = YES;
				CLANG_WARN_INT_CONVERSION = YES;
				CLANG_WARN_NON_LITERAL_NULL_CONVERSION = YES;
				CLANG_WARN_OBJC_IMPLICIT_RETAIN_SELF = YES;
				CLANG_WARN_OBJC_LITERAL_CONVERSION = YES;
				CLANG_WARN_OBJC_ROOT_CLASS = YES_ERROR;
				CLANG_WARN_QUOTED_INCLUDE_IN_FRAMEWORK_HEADER = YES;
				CLANG_WARN_RANGE_LOOP_ANALYSIS = YES;
				CLANG_WARN_STRICT_PROTOTYPES = YES;
				CLANG_WARN_SUSPICIOUS_MOVE = YES;
				CLANG_WARN_UNGUARDED_AVAILABILITY = YES_AGGRESSIVE;
				CLANG_WARN_UNREACHABLE_CODE = YES;
				CLANG_WARN__DUPLICATE_METHOD_MATCH = YES;
				COPY_PHASE_STRIP = NO;
				DEBUG_INFORMATION_FORMAT = dwarf;
				ENABLE_STRICT_OBJC_MSGSEND = YES;
				ENABLE_TESTABILITY = YES;
				GCC_C_LANGUAGE_STANDARD = gnu11;
				GCC_DYNAMIC_NO_PIC = NO;
				GCC_NO_COMMON_BLOCKS = YES;
				GCC_OPTIMIZATION_LEVEL = 0;
				GCC_PREPROCESSOR_DEFINITIONS = (
					"DEBUG=1",
					"$(inherited)",
				);
				GCC_WARN_64_TO_32_BIT_CONVERSION = YES;
				GCC_WARN_ABOUT_RETURN_TYPE = YES_ERROR;
				GCC_WARN_UNDECLARED_SELECTOR = YES;
				GCC_WARN_UNINITIALIZED_AUTOS = YES_AGGRESSIVE;
				GCC_WARN_UNUSED_FUNCTION = YES;
				GCC_WARN_UNUSED_VARIABLE = YES;
				IPHONEOS_DEPLOYMENT_TARGET = 15.0;
				MTL_ENABLE_DEBUG_INFO = INCLUDE_SOURCE;
				MTL_FAST_MATH = YES;
				ONLY_ACTIVE_ARCH = YES;
				SDKROOT = iphoneos;
				SWIFT_ACTIVE_COMPILATION_CONDITIONS = DEBUG;
				SWIFT_OPTIMIZATION_LEVEL = "-Onone";
			};
			name = Debug;
		};
		B8506A222742FB4C002B282E /* Release */ = {
			isa = XCBuildConfiguration;
			buildSettings = {
				ALWAYS_SEARCH_USER_PATHS = NO;
				CLANG_ANALYZER_NONNULL = YES;
				CLANG_ANALYZER_NUMBER_OBJECT_CONVERSION = YES_AGGRESSIVE;
				CLANG_CXX_LANGUAGE_STANDARD = "gnu++17";
				CLANG_CXX_LIBRARY = "libc++";
				CLANG_ENABLE_MODULES = YES;
				CLANG_ENABLE_OBJC_ARC = YES;
				CLANG_ENABLE_OBJC_WEAK = YES;
				CLANG_WARN_BLOCK_CAPTURE_AUTORELEASING = YES;
				CLANG_WARN_BOOL_CONVERSION = YES;
				CLANG_WARN_COMMA = YES;
				CLANG_WARN_CONSTANT_CONVERSION = YES;
				CLANG_WARN_DEPRECATED_OBJC_IMPLEMENTATIONS = YES;
				CLANG_WARN_DIRECT_OBJC_ISA_USAGE = YES_ERROR;
				CLANG_WARN_DOCUMENTATION_COMMENTS = YES;
				CLANG_WARN_EMPTY_BODY = YES;
				CLANG_WARN_ENUM_CONVERSION = YES;
				CLANG_WARN_INFINITE_RECURSION = YES;
				CLANG_WARN_INT_CONVERSION = YES;
				CLANG_WARN_NON_LITERAL_NULL_CONVERSION = YES;
				CLANG_WARN_OBJC_IMPLICIT_RETAIN_SELF = YES;
				CLANG_WARN_OBJC_LITERAL_CONVERSION = YES;
				CLANG_WARN_OBJC_ROOT_CLASS = YES_ERROR;
				CLANG_WARN_QUOTED_INCLUDE_IN_FRAMEWORK_HEADER = YES;
				CLANG_WARN_RANGE_LOOP_ANALYSIS = YES;
				CLANG_WARN_STRICT_PROTOTYPES = YES;
				CLANG_WARN_SUSPICIOUS_MOVE = YES;
				CLANG_WARN_UNGUARDED_AVAILABILITY = YES_AGGRESSIVE;
				CLANG_WARN_UNREACHABLE_CODE = YES;
				CLANG_WARN__DUPLICATE_METHOD_MATCH = YES;
				COPY_PHASE_STRIP = NO;
				DEBUG_INFORMATION_FORMAT = "dwarf-with-dsym";
				ENABLE_NS_ASSERTIONS = NO;
				ENABLE_STRICT_OBJC_MSGSEND = YES;
				GCC_C_LANGUAGE_STANDARD = gnu11;
				GCC_NO_COMMON_BLOCKS = YES;
				GCC_WARN_64_TO_32_BIT_CONVERSION = YES;
				GCC_WARN_ABOUT_RETURN_TYPE = YES_ERROR;
				GCC_WARN_UNDECLARED_SELECTOR = YES;
				GCC_WARN_UNINITIALIZED_AUTOS = YES_AGGRESSIVE;
				GCC_WARN_UNUSED_FUNCTION = YES;
				GCC_WARN_UNUSED_VARIABLE = YES;
				IPHONEOS_DEPLOYMENT_TARGET = 15.0;
				MTL_ENABLE_DEBUG_INFO = NO;
				MTL_FAST_MATH = YES;
				SDKROOT = iphoneos;
				SWIFT_COMPILATION_MODE = wholemodule;
				SWIFT_OPTIMIZATION_LEVEL = "-O";
				VALIDATE_PRODUCT = YES;
			};
			name = Release;
		};
		B8506A242742FB4C002B282E /* Debug */ = {
			isa = XCBuildConfiguration;
			buildSettings = {
				ASSETCATALOG_COMPILER_APPICON_NAME = AppIcon;
				ASSETCATALOG_COMPILER_GLOBAL_ACCENT_COLOR_NAME = AccentColor;
				CODE_SIGN_STYLE = Automatic;
				CURRENT_PROJECT_VERSION = 1;
				DEVELOPMENT_ASSET_PATHS = "\"EnlistmentApp/Preview Content\"";
				DEVELOPMENT_TEAM = HRTQQ7Q4Q8;
				ENABLE_PREVIEWS = YES;
				GENERATE_INFOPLIST_FILE = YES;
				INFOPLIST_KEY_UIApplicationSceneManifest_Generation = YES;
				INFOPLIST_KEY_UIApplicationSupportsIndirectInputEvents = YES;
				INFOPLIST_KEY_UILaunchScreen_Generation = YES;
				INFOPLIST_KEY_UISupportedInterfaceOrientations_iPad = "UIInterfaceOrientationPortrait UIInterfaceOrientationPortraitUpsideDown UIInterfaceOrientationLandscapeLeft UIInterfaceOrientationLandscapeRight";
				INFOPLIST_KEY_UISupportedInterfaceOrientations_iPhone = "UIInterfaceOrientationPortrait UIInterfaceOrientationLandscapeLeft UIInterfaceOrientationLandscapeRight";
				LD_RUNPATH_SEARCH_PATHS = (
					"$(inherited)",
					"@executable_path/Frameworks",
				);
				MARKETING_VERSION = 1.0;
				PRODUCT_BUNDLE_IDENTIFIER = com.paulokeller.EnlistmentApp;
				PRODUCT_NAME = "$(TARGET_NAME)";
				SWIFT_EMIT_LOC_STRINGS = YES;
				SWIFT_VERSION = 5.0;
				TARGETED_DEVICE_FAMILY = "1,2";
			};
			name = Debug;
		};
		B8506A252742FB4C002B282E /* Release */ = {
			isa = XCBuildConfiguration;
			buildSettings = {
				ASSETCATALOG_COMPILER_APPICON_NAME = AppIcon;
				ASSETCATALOG_COMPILER_GLOBAL_ACCENT_COLOR_NAME = AccentColor;
				CODE_SIGN_STYLE = Automatic;
				CURRENT_PROJECT_VERSION = 1;
				DEVELOPMENT_ASSET_PATHS = "\"EnlistmentApp/Preview Content\"";
				DEVELOPMENT_TEAM = HRTQQ7Q4Q8;
				ENABLE_PREVIEWS = YES;
				GENERATE_INFOPLIST_FILE = YES;
				INFOPLIST_KEY_UIApplicationSceneManifest_Generation = YES;
				INFOPLIST_KEY_UIApplicationSupportsIndirectInputEvents = YES;
				INFOPLIST_KEY_UILaunchScreen_Generation = YES;
				INFOPLIST_KEY_UISupportedInterfaceOrientations_iPad = "UIInterfaceOrientationPortrait UIInterfaceOrientationPortraitUpsideDown UIInterfaceOrientationLandscapeLeft UIInterfaceOrientationLandscapeRight";
				INFOPLIST_KEY_UISupportedInterfaceOrientations_iPhone = "UIInterfaceOrientationPortrait UIInterfaceOrientationLandscapeLeft UIInterfaceOrientationLandscapeRight";
				LD_RUNPATH_SEARCH_PATHS = (
					"$(inherited)",
					"@executable_path/Frameworks",
				);
				MARKETING_VERSION = 1.0;
				PRODUCT_BUNDLE_IDENTIFIER = com.paulokeller.EnlistmentApp;
				PRODUCT_NAME = "$(TARGET_NAME)";
				SWIFT_EMIT_LOC_STRINGS = YES;
				SWIFT_VERSION = 5.0;
				TARGETED_DEVICE_FAMILY = "1,2";
			};
			name = Release;
		};
		B8506A272742FB4C002B282E /* Debug */ = {
			isa = XCBuildConfiguration;
			buildSettings = {
				ALWAYS_EMBED_SWIFT_STANDARD_LIBRARIES = YES;
				BUNDLE_LOADER = "$(TEST_HOST)";
				CODE_SIGN_STYLE = Automatic;
				CURRENT_PROJECT_VERSION = 1;
				DEVELOPMENT_TEAM = HRTQQ7Q4Q8;
				GENERATE_INFOPLIST_FILE = YES;
				IPHONEOS_DEPLOYMENT_TARGET = 15.0;
				LD_RUNPATH_SEARCH_PATHS = (
					"$(inherited)",
					"@executable_path/Frameworks",
					"@loader_path/Frameworks",
				);
				MARKETING_VERSION = 1.0;
				PRODUCT_BUNDLE_IDENTIFIER = com.paulokeller.EnlistmentAppTests;
				PRODUCT_NAME = "$(TARGET_NAME)";
				SWIFT_EMIT_LOC_STRINGS = NO;
				SWIFT_VERSION = 5.0;
				TARGETED_DEVICE_FAMILY = "1,2";
				TEST_HOST = "$(BUILT_PRODUCTS_DIR)/EnlistmentApp.app/EnlistmentApp";
			};
			name = Debug;
		};
		B8506A282742FB4C002B282E /* Release */ = {
			isa = XCBuildConfiguration;
			buildSettings = {
				ALWAYS_EMBED_SWIFT_STANDARD_LIBRARIES = YES;
				BUNDLE_LOADER = "$(TEST_HOST)";
				CODE_SIGN_STYLE = Automatic;
				CURRENT_PROJECT_VERSION = 1;
				DEVELOPMENT_TEAM = HRTQQ7Q4Q8;
				GENERATE_INFOPLIST_FILE = YES;
				IPHONEOS_DEPLOYMENT_TARGET = 15.0;
				LD_RUNPATH_SEARCH_PATHS = (
					"$(inherited)",
					"@executable_path/Frameworks",
					"@loader_path/Frameworks",
				);
				MARKETING_VERSION = 1.0;
				PRODUCT_BUNDLE_IDENTIFIER = com.paulokeller.EnlistmentAppTests;
				PRODUCT_NAME = "$(TARGET_NAME)";
				SWIFT_EMIT_LOC_STRINGS = NO;
				SWIFT_VERSION = 5.0;
				TARGETED_DEVICE_FAMILY = "1,2";
				TEST_HOST = "$(BUILT_PRODUCTS_DIR)/EnlistmentApp.app/EnlistmentApp";
			};
			name = Release;
		};
		B8506A2A2742FB4C002B282E /* Debug */ = {
			isa = XCBuildConfiguration;
			buildSettings = {
				ALWAYS_EMBED_SWIFT_STANDARD_LIBRARIES = YES;
				CODE_SIGN_STYLE = Automatic;
				CURRENT_PROJECT_VERSION = 1;
				DEVELOPMENT_TEAM = HRTQQ7Q4Q8;
				GENERATE_INFOPLIST_FILE = YES;
				LD_RUNPATH_SEARCH_PATHS = (
					"$(inherited)",
					"@executable_path/Frameworks",
					"@loader_path/Frameworks",
				);
				MARKETING_VERSION = 1.0;
				PRODUCT_BUNDLE_IDENTIFIER = com.paulokeller.EnlistmentAppUITests;
				PRODUCT_NAME = "$(TARGET_NAME)";
				SWIFT_EMIT_LOC_STRINGS = NO;
				SWIFT_VERSION = 5.0;
				TARGETED_DEVICE_FAMILY = "1,2";
				TEST_TARGET_NAME = EnlistmentApp;
			};
			name = Debug;
		};
		B8506A2B2742FB4C002B282E /* Release */ = {
			isa = XCBuildConfiguration;
			buildSettings = {
				ALWAYS_EMBED_SWIFT_STANDARD_LIBRARIES = YES;
				CODE_SIGN_STYLE = Automatic;
				CURRENT_PROJECT_VERSION = 1;
				DEVELOPMENT_TEAM = HRTQQ7Q4Q8;
				GENERATE_INFOPLIST_FILE = YES;
				LD_RUNPATH_SEARCH_PATHS = (
					"$(inherited)",
					"@executable_path/Frameworks",
					"@loader_path/Frameworks",
				);
				MARKETING_VERSION = 1.0;
				PRODUCT_BUNDLE_IDENTIFIER = com.paulokeller.EnlistmentAppUITests;
				PRODUCT_NAME = "$(TARGET_NAME)";
				SWIFT_EMIT_LOC_STRINGS = NO;
				SWIFT_VERSION = 5.0;
				TARGETED_DEVICE_FAMILY = "1,2";
				TEST_TARGET_NAME = EnlistmentApp;
			};
			name = Release;
		};
/* End XCBuildConfiguration section */

/* Begin XCConfigurationList section */
		B85069FA2742FB4B002B282E /* Build configuration list for PBXProject "EnlistmentApp" */ = {
			isa = XCConfigurationList;
			buildConfigurations = (
				B8506A212742FB4C002B282E /* Debug */,
				B8506A222742FB4C002B282E /* Release */,
			);
			defaultConfigurationIsVisible = 0;
			defaultConfigurationName = Release;
		};
		B8506A232742FB4C002B282E /* Build configuration list for PBXNativeTarget "EnlistmentApp" */ = {
			isa = XCConfigurationList;
			buildConfigurations = (
				B8506A242742FB4C002B282E /* Debug */,
				B8506A252742FB4C002B282E /* Release */,
			);
			defaultConfigurationIsVisible = 0;
			defaultConfigurationName = Release;
		};
		B8506A262742FB4C002B282E /* Build configuration list for PBXNativeTarget "EnlistmentAppTests" */ = {
			isa = XCConfigurationList;
			buildConfigurations = (
				B8506A272742FB4C002B282E /* Debug */,
				B8506A282742FB4C002B282E /* Release */,
			);
			defaultConfigurationIsVisible = 0;
			defaultConfigurationName = Release;
		};
		B8506A292742FB4C002B282E /* Build configuration list for PBXNativeTarget "EnlistmentAppUITests" */ = {
			isa = XCConfigurationList;
			buildConfigurations = (
				B8506A2A2742FB4C002B282E /* Debug */,
				B8506A2B2742FB4C002B282E /* Release */,
			);
			defaultConfigurationIsVisible = 0;
			defaultConfigurationName = Release;
		};
/* End XCConfigurationList section */
	};
	rootObject = B85069F72742FB4B002B282E /* Project object */;
}
