// !$*UTF8*$!
{
	archiveVersion = 1;
	classes = {
	};
	objectVersion = 50;
	objects = {

/* Begin PBXBuildFile section */
		3A570389249D094B00B48091 /* AppDelegate.swift in Sources */ = {isa = PBXBuildFile; fileRef = 3A570388249D094B00B48091 /* AppDelegate.swift */; };
		3A57038B249D094B00B48091 /* SceneDelegate.swift in Sources */ = {isa = PBXBuildFile; fileRef = 3A57038A249D094B00B48091 /* SceneDelegate.swift */; };
		3A57038D249D094B00B48091 /* ViewController.swift in Sources */ = {isa = PBXBuildFile; fileRef = 3A57038C249D094B00B48091 /* ViewController.swift */; };
		3A570390249D094B00B48091 /* Main.storyboard in Resources */ = {isa = PBXBuildFile; fileRef = 3A57038E249D094B00B48091 /* Main.storyboard */; };
		3A570392249D094D00B48091 /* Assets.xcassets in Resources */ = {isa = PBXBuildFile; fileRef = 3A570391249D094D00B48091 /* Assets.xcassets */; };
		3A570395249D094D00B48091 /* LaunchScreen.storyboard in Resources */ = {isa = PBXBuildFile; fileRef = 3A570393249D094D00B48091 /* LaunchScreen.storyboard */; };
		3A57039D249D0B0700B48091 /* NSAttributedStringExtension.swift in Sources */ = {isa = PBXBuildFile; fileRef = 3A57039C249D0B0700B48091 /* NSAttributedStringExtension.swift */; };
/* End PBXBuildFile section */

/* Begin PBXFileReference section */
		3A570385249D094B00B48091 /* Hyperlinks.app */ = {isa = PBXFileReference; explicitFileType = wrapper.application; includeInIndex = 0; path = Hyperlinks.app; sourceTree = BUILT_PRODUCTS_DIR; };
		3A570388249D094B00B48091 /* AppDelegate.swift */ = {isa = PBXFileReference; lastKnownFileType = sourcecode.swift; path = AppDelegate.swift; sourceTree = "<group>"; };
		3A57038A249D094B00B48091 /* SceneDelegate.swift */ = {isa = PBXFileReference; lastKnownFileType = sourcecode.swift; path = SceneDelegate.swift; sourceTree = "<group>"; };
		3A57038C249D094B00B48091 /* ViewController.swift */ = {isa = PBXFileReference; lastKnownFileType = sourcecode.swift; path = ViewController.swift; sourceTree = "<group>"; };
		3A57038F249D094B00B48091 /* Base */ = {isa = PBXFileReference; lastKnownFileType = file.storyboard; name = Base; path = Base.lproj/Main.storyboard; sourceTree = "<group>"; };
		3A570391249D094D00B48091 /* Assets.xcassets */ = {isa = PBXFileReference; lastKnownFileType = folder.assetcatalog; path = Assets.xcassets; sourceTree = "<group>"; };
		3A570394249D094D00B48091 /* Base */ = {isa = PBXFileReference; lastKnownFileType = file.storyboard; name = Base; path = Base.lproj/LaunchScreen.storyboard; sourceTree = "<group>"; };
		3A570396249D094D00B48091 /* Info.plist */ = {isa = PBXFileReference; lastKnownFileType = text.plist.xml; path = Info.plist; sourceTree = "<group>"; };
		3A57039C249D0B0700B48091 /* NSAttributedStringExtension.swift */ = {isa = PBXFileReference; lastKnownFileType = sourcecode.swift; path = NSAttributedStringExtension.swift; sourceTree = "<group>"; };
/* End PBXFileReference section */

/* Begin PBXFrameworksBuildPhase section */
		3A570382249D094B00B48091 /* Frameworks */ = {
			isa = PBXFrameworksBuildPhase;
			buildActionMask = 2147483647;
			files = (
			);
			runOnlyForDeploymentPostprocessing = 0;
		};
/* End PBXFrameworksBuildPhase section */

/* Begin PBXGroup section */
		3A57037C249D094B00B48091 = {
			isa = PBXGroup;
			children = (
				3A570387249D094B00B48091 /* Hyperlinks */,
				3A570386249D094B00B48091 /* Products */,
			);
			sourceTree = "<group>";
		};
		3A570386249D094B00B48091 /* Products */ = {
			isa = PBXGroup;
			children = (
				3A570385249D094B00B48091 /* Hyperlinks.app */,
			);
			name = Products;
			sourceTree = "<group>";
		};
		3A570387249D094B00B48091 /* Hyperlinks */ = {
			isa = PBXGroup;
			children = (
				3A570388249D094B00B48091 /* AppDelegate.swift */,
				3A57038A249D094B00B48091 /* SceneDelegate.swift */,
				3A57038C249D094B00B48091 /* ViewController.swift */,
				3A57038E249D094B00B48091 /* Main.storyboard */,
				3A570391249D094D00B48091 /* Assets.xcassets */,
				3A570393249D094D00B48091 /* LaunchScreen.storyboard */,
				3A570396249D094D00B48091 /* Info.plist */,
				3A57039C249D0B0700B48091 /* NSAttributedStringExtension.swift */,
			);
			path = Hyperlinks;
			sourceTree = "<group>";
		};
/* End PBXGroup section */

/* Begin PBXNativeTarget section */
		3A570384249D094B00B48091 /* Hyperlinks */ = {
			isa = PBXNativeTarget;
			buildConfigurationList = 3A570399249D094D00B48091 /* Build configuration list for PBXNativeTarget "Hyperlinks" */;
			buildPhases = (
				3A570381249D094B00B48091 /* Sources */,
				3A570382249D094B00B48091 /* Frameworks */,
				3A570383249D094B00B48091 /* Resources */,
			);
			buildRules = (
			);
			dependencies = (
			);
			name = Hyperlinks;
			productName = Hyperlinks;
			productReference = 3A570385249D094B00B48091 /* Hyperlinks.app */;
			productType = "com.apple.product-type.application";
		};
/* End PBXNativeTarget section */

/* Begin PBXProject section */
		3A57037D249D094B00B48091 /* Project object */ = {
			isa = PBXProject;
			attributes = {
				LastSwiftUpdateCheck = 1150;
				LastUpgradeCheck = 1150;
				ORGANIZATIONNAME = paulo;
				TargetAttributes = {
					3A570384249D094B00B48091 = {
						CreatedOnToolsVersion = 11.5;
					};
				};
			};
			buildConfigurationList = 3A570380249D094B00B48091 /* Build configuration list for PBXProject "Hyperlinks" */;
			compatibilityVersion = "Xcode 9.3";
			developmentRegion = en;
			hasScannedForEncodings = 0;
			knownRegions = (
				en,
				Base,
			);
			mainGroup = 3A57037C249D094B00B48091;
			productRefGroup = 3A570386249D094B00B48091 /* Products */;
			projectDirPath = "";
			projectRoot = "";
			targets = (
				3A570384249D094B00B48091 /* Hyperlinks */,
			);
		};
/* End PBXProject section */

/* Begin PBXResourcesBuildPhase section */
		3A570383249D094B00B48091 /* Resources */ = {
			isa = PBXResourcesBuildPhase;
			buildActionMask = 2147483647;
			files = (
				3A570395249D094D00B48091 /* LaunchScreen.storyboard in Resources */,
				3A570392249D094D00B48091 /* Assets.xcassets in Resources */,
				3A570390249D094B00B48091 /* Main.storyboard in Resources */,
			);
			runOnlyForDeploymentPostprocessing = 0;
		};
/* End PBXResourcesBuildPhase section */

/* Begin PBXSourcesBuildPhase section */
		3A570381249D094B00B48091 /* Sources */ = {
			isa = PBXSourcesBuildPhase;
			buildActionMask = 2147483647;
			files = (
				3A57038D249D094B00B48091 /* ViewController.swift in Sources */,
				3A570389249D094B00B48091 /* AppDelegate.swift in Sources */,
				3A57038B249D094B00B48091 /* SceneDelegate.swift in Sources */,
				3A57039D249D0B0700B48091 /* NSAttributedStringExtension.swift in Sources */,
			);
			runOnlyForDeploymentPostprocessing = 0;
		};
/* End PBXSourcesBuildPhase section */

/* Begin PBXVariantGroup section */
		3A57038E249D094B00B48091 /* Main.storyboard */ = {
			isa = PBXVariantGroup;
			children = (
				3A57038F249D094B00B48091 /* Base */,
			);
			name = Main.storyboard;
			sourceTree = "<group>";
		};
		3A570393249D094D00B48091 /* LaunchScreen.storyboard */ = {
			isa = PBXVariantGroup;
			children = (
				3A570394249D094D00B48091 /* Base */,
			);
			name = LaunchScreen.storyboard;
			sourceTree = "<group>";
		};
/* End PBXVariantGroup section */

/* Begin XCBuildConfiguration section */
		3A570397249D094D00B48091 /* Debug */ = {
			isa = XCBuildConfiguration;
			buildSettings = {
				ALWAYS_SEARCH_USER_PATHS = NO;
				CLANG_ANALYZER_NONNULL = YES;
				CLANG_ANALYZER_NUMBER_OBJECT_CONVERSION = YES_AGGRESSIVE;
				CLANG_CXX_LANGUAGE_STANDARD = "gnu++14";
				CLANG_CXX_LIBRARY = "libc++";
				CLANG_ENABLE_MODULES = YES;
				CLANG_ENABLE_OBJC_ARC = YES;
				CLANG_ENABLE_OBJC_WEAK = YES;
				CLANG_WARN_BLOCK_CAPTURE_AUTORELEASING = YES;
				CLANG_WARN_BOOL_CONVERSION = YES;
				CLANG_WARN_COMMA = YES;
				CLANG_WARN_CONSTANT_CONVERSION = YES;
				CLANG_WARN_DEPRECATED_OBJC_IMPLEMENTATIONS = YES;
				CLANG_WARN_DIRECT_OBJC_ISA_USAGE = YES_ERROR;
				CLANG_WARN_DOCUMENTATION_COMMENTS = YES;
				CLANG_WARN_EMPTY_BODY = YES;
				CLANG_WARN_ENUM_CONVERSION = YES;
				CLANG_WARN_INFINITE_RECURSION = YES;
				CLANG_WARN_INT_CONVERSION = YES;
				CLANG_WARN_NON_LITERAL_NULL_CONVERSION = YES;
				CLANG_WARN_OBJC_IMPLICIT_RETAIN_SELF = YES;
				CLANG_WARN_OBJC_LITERAL_CONVERSION = YES;
				CLANG_WARN_OBJC_ROOT_CLASS = YES_ERROR;
				CLANG_WARN_RANGE_LOOP_ANALYSIS = YES;
				CLANG_WARN_STRICT_PROTOTYPES = YES;
				CLANG_WARN_SUSPICIOUS_MOVE = YES;
				CLANG_WARN_UNGUARDED_AVAILABILITY = YES_AGGRESSIVE;
				CLANG_WARN_UNREACHABLE_CODE = YES;
				CLANG_WARN__DUPLICATE_METHOD_MATCH = YES;
				COPY_PHASE_STRIP = NO;
				DEBUG_INFORMATION_FORMAT = dwarf;
				ENABLE_STRICT_OBJC_MSGSEND = YES;
				ENABLE_TESTABILITY = YES;
				GCC_C_LANGUAGE_STANDARD = gnu11;
				GCC_DYNAMIC_NO_PIC = NO;
				GCC_NO_COMMON_BLOCKS = YES;
				GCC_OPTIMIZATION_LEVEL = 0;
				GCC_PREPROCESSOR_DEFINITIONS = (
					"DEBUG=1",
					"$(inherited)",
				);
				GCC_WARN_64_TO_32_BIT_CONVERSION = YES;
				GCC_WARN_ABOUT_RETURN_TYPE = YES_ERROR;
				GCC_WARN_UNDECLARED_SELECTOR = YES;
				GCC_WARN_UNINITIALIZED_AUTOS = YES_AGGRESSIVE;
				GCC_WARN_UNUSED_FUNCTION = YES;
				GCC_WARN_UNUSED_VARIABLE = YES;
				IPHONEOS_DEPLOYMENT_TARGET = 13.5;
				MTL_ENABLE_DEBUG_INFO = INCLUDE_SOURCE;
				MTL_FAST_MATH = YES;
				ONLY_ACTIVE_ARCH = YES;
				SDKROOT = iphoneos;
				SWIFT_ACTIVE_COMPILATION_CONDITIONS = DEBUG;
				SWIFT_OPTIMIZATION_LEVEL = "-Onone";
			};
			name = Debug;
		};
		3A570398249D094D00B48091 /* Release */ = {
			isa = XCBuildConfiguration;
			buildSettings = {
				ALWAYS_SEARCH_USER_PATHS = NO;
				CLANG_ANALYZER_NONNULL = YES;
				CLANG_ANALYZER_NUMBER_OBJECT_CONVERSION = YES_AGGRESSIVE;
				CLANG_CXX_LANGUAGE_STANDARD = "gnu++14";
				CLANG_CXX_LIBRARY = "libc++";
				CLANG_ENABLE_MODULES = YES;
				CLANG_ENABLE_OBJC_ARC = YES;
				CLANG_ENABLE_OBJC_WEAK = YES;
				CLANG_WARN_BLOCK_CAPTURE_AUTORELEASING = YES;
				CLANG_WARN_BOOL_CONVERSION = YES;
				CLANG_WARN_COMMA = YES;
				CLANG_WARN_CONSTANT_CONVERSION = YES;
				CLANG_WARN_DEPRECATED_OBJC_IMPLEMENTATIONS = YES;
				CLANG_WARN_DIRECT_OBJC_ISA_USAGE = YES_ERROR;
				CLANG_WARN_DOCUMENTATION_COMMENTS = YES;
				CLANG_WARN_EMPTY_BODY = YES;
				CLANG_WARN_ENUM_CONVERSION = YES;
				CLANG_WARN_INFINITE_RECURSION = YES;
				CLANG_WARN_INT_CONVERSION = YES;
				CLANG_WARN_NON_LITERAL_NULL_CONVERSION = YES;
				CLANG_WARN_OBJC_IMPLICIT_RETAIN_SELF = YES;
				CLANG_WARN_OBJC_LITERAL_CONVERSION = YES;
				CLANG_WARN_OBJC_ROOT_CLASS = YES_ERROR;
				CLANG_WARN_RANGE_LOOP_ANALYSIS = YES;
				CLANG_WARN_STRICT_PROTOTYPES = YES;
				CLANG_WARN_SUSPICIOUS_MOVE = YES;
				CLANG_WARN_UNGUARDED_AVAILABILITY = YES_AGGRESSIVE;
				CLANG_WARN_UNREACHABLE_CODE = YES;
				CLANG_WARN__DUPLICATE_METHOD_MATCH = YES;
				COPY_PHASE_STRIP = NO;
				DEBUG_INFORMATION_FORMAT = "dwarf-with-dsym";
				ENABLE_NS_ASSERTIONS = NO;
				ENABLE_STRICT_OBJC_MSGSEND = YES;
				GCC_C_LANGUAGE_STANDARD = gnu11;
				GCC_NO_COMMON_BLOCKS = YES;
				GCC_WARN_64_TO_32_BIT_CONVERSION = YES;
				GCC_WARN_ABOUT_RETURN_TYPE = YES_ERROR;
				GCC_WARN_UNDECLARED_SELECTOR = YES;
				GCC_WARN_UNINITIALIZED_AUTOS = YES_AGGRESSIVE;
				GCC_WARN_UNUSED_FUNCTION = YES;
				GCC_WARN_UNUSED_VARIABLE = YES;
				IPHONEOS_DEPLOYMENT_TARGET = 13.5;
				MTL_ENABLE_DEBUG_INFO = NO;
				MTL_FAST_MATH = YES;
				SDKROOT = iphoneos;
				SWIFT_COMPILATION_MODE = wholemodule;
				SWIFT_OPTIMIZATION_LEVEL = "-O";
				VALIDATE_PRODUCT = YES;
			};
			name = Release;
		};
		3A57039A249D094D00B48091 /* Debug */ = {
			isa = XCBuildConfiguration;
			buildSettings = {
				ASSETCATALOG_COMPILER_APPICON_NAME = AppIcon;
				CODE_SIGN_STYLE = Automatic;
				DEVELOPMENT_TEAM = DT2L5YASLB;
				INFOPLIST_FILE = Hyperlinks/Info.plist;
				LD_RUNPATH_SEARCH_PATHS = (
					"$(inherited)",
					"@executable_path/Frameworks",
				);
				PRODUCT_BUNDLE_IDENTIFIER = com.paulo.Hyperlinks;
				PRODUCT_NAME = "$(TARGET_NAME)";
				SWIFT_VERSION = 5.0;
				TARGETED_DEVICE_FAMILY = "1,2";
			};
			name = Debug;
		};
		3A57039B249D094D00B48091 /* Release */ = {
			isa = XCBuildConfiguration;
			buildSettings = {
				ASSETCATALOG_COMPILER_APPICON_NAME = AppIcon;
				CODE_SIGN_STYLE = Automatic;
				DEVELOPMENT_TEAM = DT2L5YASLB;
				INFOPLIST_FILE = Hyperlinks/Info.plist;
				LD_RUNPATH_SEARCH_PATHS = (
					"$(inherited)",
					"@executable_path/Frameworks",
				);
				PRODUCT_BUNDLE_IDENTIFIER = com.paulo.Hyperlinks;
				PRODUCT_NAME = "$(TARGET_NAME)";
				SWIFT_VERSION = 5.0;
				TARGETED_DEVICE_FAMILY = "1,2";
			};
			name = Release;
		};
/* End XCBuildConfiguration section */

/* Begin XCConfigurationList section */
		3A570380249D094B00B48091 /* Build configuration list for PBXProject "Hyperlinks" */ = {
			isa = XCConfigurationList;
			buildConfigurations = (
				3A570397249D094D00B48091 /* Debug */,
				3A570398249D094D00B48091 /* Release */,
			);
			defaultConfigurationIsVisible = 0;
			defaultConfigurationName = Release;
		};
		3A570399249D094D00B48091 /* Build configuration list for PBXNativeTarget "Hyperlinks" */ = {
			isa = XCConfigurationList;
			buildConfigurations = (
				3A57039A249D094D00B48091 /* Debug */,
				3A57039B249D094D00B48091 /* Release */,
			);
			defaultConfigurationIsVisible = 0;
			defaultConfigurationName = Release;
		};
/* End XCConfigurationList section */
	};
	rootObject = 3A57037D249D094B00B48091 /* Project object */;
}
