// !$*UTF8*$!
{
	archiveVersion = 1;
	classes = {
	};
	objectVersion = 50;
	objects = {

/* Begin PBXBuildFile section */
		B86B79B62464708300A9AB04 /* AppDelegate.swift in Sources */ = {isa = PBXBuildFile; fileRef = B86B79B52464708300A9AB04 /* AppDelegate.swift */; };
		B86B79B82464708300A9AB04 /* SceneDelegate.swift in Sources */ = {isa = PBXBuildFile; fileRef = B86B79B72464708300A9AB04 /* SceneDelegate.swift */; };
		B86B79BA2464708300A9AB04 /* ContentView.swift in Sources */ = {isa = PBXBuildFile; fileRef = B86B79B92464708300A9AB04 /* ContentView.swift */; };
		B86B79BC2464708400A9AB04 /* Assets.xcassets in Resources */ = {isa = PBXBuildFile; fileRef = B86B79BB2464708400A9AB04 /* Assets.xcassets */; };
		B86B79BF2464708400A9AB04 /* Preview Assets.xcassets in Resources */ = {isa = PBXBuildFile; fileRef = B86B79BE2464708400A9AB04 /* Preview Assets.xcassets */; };
		B86B79C22464708400A9AB04 /* LaunchScreen.storyboard in Resources */ = {isa = PBXBuildFile; fileRef = B86B79C02464708400A9AB04 /* LaunchScreen.storyboard */; };
		B86B79CB2464727300A9AB04 /* WebServiceController.swift in Sources */ = {isa = PBXBuildFile; fileRef = B86B79CA2464727300A9AB04 /* WebServiceController.swift */; };
		B86B79CD2464747F00A9AB04 /* OpenWeatherMapController.swift in Sources */ = {isa = PBXBuildFile; fileRef = B86B79CC2464747F00A9AB04 /* OpenWeatherMapController.swift */; };
		B86B79D02464E61400A9AB04 /* OpenWeatherMapData.swift in Sources */ = {isa = PBXBuildFile; fileRef = B86B79CF2464E61400A9AB04 /* OpenWeatherMapData.swift */; };
		B895C1552467041F0091410F /* WeatherViewModel.swift in Sources */ = {isa = PBXBuildFile; fileRef = B895C1542467041F0091410F /* WeatherViewModel.swift */; };
		B895C157246707400091410F /* WeatherStackData.swift in Sources */ = {isa = PBXBuildFile; fileRef = B895C156246707400091410F /* WeatherStackData.swift */; };
		B895C15924670B540091410F /* WeatherStackController.swift in Sources */ = {isa = PBXBuildFile; fileRef = B895C15824670B540091410F /* WeatherStackController.swift */; };
/* End PBXBuildFile section */

/* Begin PBXFileReference section */
		B86B79B22464708300A9AB04 /* WeatherApp.app */ = {isa = PBXFileReference; explicitFileType = wrapper.application; includeInIndex = 0; path = WeatherApp.app; sourceTree = BUILT_PRODUCTS_DIR; };
		B86B79B52464708300A9AB04 /* AppDelegate.swift */ = {isa = PBXFileReference; lastKnownFileType = sourcecode.swift; path = AppDelegate.swift; sourceTree = "<group>"; };
		B86B79B72464708300A9AB04 /* SceneDelegate.swift */ = {isa = PBXFileReference; lastKnownFileType = sourcecode.swift; path = SceneDelegate.swift; sourceTree = "<group>"; };
		B86B79B92464708300A9AB04 /* ContentView.swift */ = {isa = PBXFileReference; lastKnownFileType = sourcecode.swift; path = ContentView.swift; sourceTree = "<group>"; };
		B86B79BB2464708400A9AB04 /* Assets.xcassets */ = {isa = PBXFileReference; lastKnownFileType = folder.assetcatalog; path = Assets.xcassets; sourceTree = "<group>"; };
		B86B79BE2464708400A9AB04 /* Preview Assets.xcassets */ = {isa = PBXFileReference; lastKnownFileType = folder.assetcatalog; path = "Preview Assets.xcassets"; sourceTree = "<group>"; };
		B86B79C12464708400A9AB04 /* Base */ = {isa = PBXFileReference; lastKnownFileType = file.storyboard; name = Base; path = Base.lproj/LaunchScreen.storyboard; sourceTree = "<group>"; };
		B86B79C32464708400A9AB04 /* Info.plist */ = {isa = PBXFileReference; lastKnownFileType = text.plist.xml; path = Info.plist; sourceTree = "<group>"; };
		B86B79CA2464727300A9AB04 /* WebServiceController.swift */ = {isa = PBXFileReference; lastKnownFileType = sourcecode.swift; path = WebServiceController.swift; sourceTree = "<group>"; };
		B86B79CC2464747F00A9AB04 /* OpenWeatherMapController.swift */ = {isa = PBXFileReference; lastKnownFileType = sourcecode.swift; path = OpenWeatherMapController.swift; sourceTree = "<group>"; };
		B86B79CF2464E61400A9AB04 /* OpenWeatherMapData.swift */ = {isa = PBXFileReference; lastKnownFileType = sourcecode.swift; path = OpenWeatherMapData.swift; sourceTree = "<group>"; };
		B895C1542467041F0091410F /* WeatherViewModel.swift */ = {isa = PBXFileReference; lastKnownFileType = sourcecode.swift; path = WeatherViewModel.swift; sourceTree = "<group>"; };
		B895C156246707400091410F /* WeatherStackData.swift */ = {isa = PBXFileReference; lastKnownFileType = sourcecode.swift; path = WeatherStackData.swift; sourceTree = "<group>"; };
		B895C15824670B540091410F /* WeatherStackController.swift */ = {isa = PBXFileReference; lastKnownFileType = sourcecode.swift; path = WeatherStackController.swift; sourceTree = "<group>"; };
/* End PBXFileReference section */

/* Begin PBXFrameworksBuildPhase section */
		B86B79AF2464708300A9AB04 /* Frameworks */ = {
			isa = PBXFrameworksBuildPhase;
			buildActionMask = 2147483647;
			files = (
			);
			runOnlyForDeploymentPostprocessing = 0;
		};
/* End PBXFrameworksBuildPhase section */

/* Begin PBXGroup section */
		B86B79A92464708300A9AB04 = {
			isa = PBXGroup;
			children = (
				B86B79B42464708300A9AB04 /* WeatherApp */,
				B86B79B32464708300A9AB04 /* Products */,
			);
			sourceTree = "<group>";
		};
		B86B79B32464708300A9AB04 /* Products */ = {
			isa = PBXGroup;
			children = (
				B86B79B22464708300A9AB04 /* WeatherApp.app */,
			);
			name = Products;
			sourceTree = "<group>";
		};
		B86B79B42464708300A9AB04 /* WeatherApp */ = {
			isa = PBXGroup;
			children = (
				B895C153246704000091410F /* ViewModel */,
				B86B79C92464725A00A9AB04 /* Model */,
				B86B79B52464708300A9AB04 /* AppDelegate.swift */,
				B86B79B72464708300A9AB04 /* SceneDelegate.swift */,
				B86B79B92464708300A9AB04 /* ContentView.swift */,
				B86B79BB2464708400A9AB04 /* Assets.xcassets */,
				B86B79C02464708400A9AB04 /* LaunchScreen.storyboard */,
				B86B79C32464708400A9AB04 /* Info.plist */,
				B86B79BD2464708400A9AB04 /* Preview Content */,
			);
			path = WeatherApp;
			sourceTree = "<group>";
		};
		B86B79BD2464708400A9AB04 /* Preview Content */ = {
			isa = PBXGroup;
			children = (
				B86B79BE2464708400A9AB04 /* Preview Assets.xcassets */,
			);
			path = "Preview Content";
			sourceTree = "<group>";
		};
		B86B79C92464725A00A9AB04 /* Model */ = {
			isa = PBXGroup;
			children = (
				B86B79CE2464E5ED00A9AB04 /* JSONMappers */,
				B86B79CA2464727300A9AB04 /* WebServiceController.swift */,
				B86B79CC2464747F00A9AB04 /* OpenWeatherMapController.swift */,
				B895C15824670B540091410F /* WeatherStackController.swift */,
			);
			path = Model;
			sourceTree = "<group>";
		};
		B86B79CE2464E5ED00A9AB04 /* JSONMappers */ = {
			isa = PBXGroup;
			children = (
				B86B79CF2464E61400A9AB04 /* OpenWeatherMapData.swift */,
				B895C156246707400091410F /* WeatherStackData.swift */,
			);
			path = JSONMappers;
			sourceTree = "<group>";
		};
		B895C153246704000091410F /* ViewModel */ = {
			isa = PBXGroup;
			children = (
				B895C1542467041F0091410F /* WeatherViewModel.swift */,
			);
			path = ViewModel;
			sourceTree = "<group>";
		};
/* End PBXGroup section */

/* Begin PBXNativeTarget section */
		B86B79B12464708300A9AB04 /* WeatherApp */ = {
			isa = PBXNativeTarget;
			buildConfigurationList = B86B79C62464708400A9AB04 /* Build configuration list for PBXNativeTarget "WeatherApp" */;
			buildPhases = (
				B86B79AE2464708300A9AB04 /* Sources */,
				B86B79AF2464708300A9AB04 /* Frameworks */,
				B86B79B02464708300A9AB04 /* Resources */,
			);
			buildRules = (
			);
			dependencies = (
			);
			name = WeatherApp;
			productName = WeatherApp;
			productReference = B86B79B22464708300A9AB04 /* WeatherApp.app */;
			productType = "com.apple.product-type.application";
		};
/* End PBXNativeTarget section */

/* Begin PBXProject section */
		B86B79AA2464708300A9AB04 /* Project object */ = {
			isa = PBXProject;
			attributes = {
				LastSwiftUpdateCheck = 1130;
				LastUpgradeCheck = 1130;
				ORGANIZATIONNAME = "Paulo Keller";
				TargetAttributes = {
					B86B79B12464708300A9AB04 = {
						CreatedOnToolsVersion = 11.3.1;
					};
				};
			};
			buildConfigurationList = B86B79AD2464708300A9AB04 /* Build configuration list for PBXProject "WeatherApp" */;
			compatibilityVersion = "Xcode 9.3";
			developmentRegion = en;
			hasScannedForEncodings = 0;
			knownRegions = (
				en,
				Base,
			);
			mainGroup = B86B79A92464708300A9AB04;
			productRefGroup = B86B79B32464708300A9AB04 /* Products */;
			projectDirPath = "";
			projectRoot = "";
			targets = (
				B86B79B12464708300A9AB04 /* WeatherApp */,
			);
		};
/* End PBXProject section */

/* Begin PBXResourcesBuildPhase section */
		B86B79B02464708300A9AB04 /* Resources */ = {
			isa = PBXResourcesBuildPhase;
			buildActionMask = 2147483647;
			files = (
				B86B79C22464708400A9AB04 /* LaunchScreen.storyboard in Resources */,
				B86B79BF2464708400A9AB04 /* Preview Assets.xcassets in Resources */,
				B86B79BC2464708400A9AB04 /* Assets.xcassets in Resources */,
			);
			runOnlyForDeploymentPostprocessing = 0;
		};
/* End PBXResourcesBuildPhase section */

/* Begin PBXSourcesBuildPhase section */
		B86B79AE2464708300A9AB04 /* Sources */ = {
			isa = PBXSourcesBuildPhase;
			buildActionMask = 2147483647;
			files = (
				B86B79CD2464747F00A9AB04 /* OpenWeatherMapController.swift in Sources */,
				B895C157246707400091410F /* WeatherStackData.swift in Sources */,
				B86B79CB2464727300A9AB04 /* WebServiceController.swift in Sources */,
				B86B79B62464708300A9AB04 /* AppDelegate.swift in Sources */,
				B895C1552467041F0091410F /* WeatherViewModel.swift in Sources */,
				B86B79B82464708300A9AB04 /* SceneDelegate.swift in Sources */,
				B86B79BA2464708300A9AB04 /* ContentView.swift in Sources */,
				B895C15924670B540091410F /* WeatherStackController.swift in Sources */,
				B86B79D02464E61400A9AB04 /* OpenWeatherMapData.swift in Sources */,
			);
			runOnlyForDeploymentPostprocessing = 0;
		};
/* End PBXSourcesBuildPhase section */

/* Begin PBXVariantGroup section */
		B86B79C02464708400A9AB04 /* LaunchScreen.storyboard */ = {
			isa = PBXVariantGroup;
			children = (
				B86B79C12464708400A9AB04 /* Base */,
			);
			name = LaunchScreen.storyboard;
			sourceTree = "<group>";
		};
/* End PBXVariantGroup section */

/* Begin XCBuildConfiguration section */
		B86B79C42464708400A9AB04 /* Debug */ = {
			isa = XCBuildConfiguration;
			buildSettings = {
				ALWAYS_SEARCH_USER_PATHS = NO;
				CLANG_ANALYZER_NONNULL = YES;
				CLANG_ANALYZER_NUMBER_OBJECT_CONVERSION = YES_AGGRESSIVE;
				CLANG_CXX_LANGUAGE_STANDARD = "gnu++14";
				CLANG_CXX_LIBRARY = "libc++";
				CLANG_ENABLE_MODULES = YES;
				CLANG_ENABLE_OBJC_ARC = YES;
				CLANG_ENABLE_OBJC_WEAK = YES;
				CLANG_WARN_BLOCK_CAPTURE_AUTORELEASING = YES;
				CLANG_WARN_BOOL_CONVERSION = YES;
				CLANG_WARN_COMMA = YES;
				CLANG_WARN_CONSTANT_CONVERSION = YES;
				CLANG_WARN_DEPRECATED_OBJC_IMPLEMENTATIONS = YES;
				CLANG_WARN_DIRECT_OBJC_ISA_USAGE = YES_ERROR;
				CLANG_WARN_DOCUMENTATION_COMMENTS = YES;
				CLANG_WARN_EMPTY_BODY = YES;
				CLANG_WARN_ENUM_CONVERSION = YES;
				CLANG_WARN_INFINITE_RECURSION = YES;
				CLANG_WARN_INT_CONVERSION = YES;
				CLANG_WARN_NON_LITERAL_NULL_CONVERSION = YES;
				CLANG_WARN_OBJC_IMPLICIT_RETAIN_SELF = YES;
				CLANG_WARN_OBJC_LITERAL_CONVERSION = YES;
				CLANG_WARN_OBJC_ROOT_CLASS = YES_ERROR;
				CLANG_WARN_RANGE_LOOP_ANALYSIS = YES;
				CLANG_WARN_STRICT_PROTOTYPES = YES;
				CLANG_WARN_SUSPICIOUS_MOVE = YES;
				CLANG_WARN_UNGUARDED_AVAILABILITY = YES_AGGRESSIVE;
				CLANG_WARN_UNREACHABLE_CODE = YES;
				CLANG_WARN__DUPLICATE_METHOD_MATCH = YES;
				COPY_PHASE_STRIP = NO;
				DEBUG_INFORMATION_FORMAT = dwarf;
				ENABLE_STRICT_OBJC_MSGSEND = YES;
				ENABLE_TESTABILITY = YES;
				GCC_C_LANGUAGE_STANDARD = gnu11;
				GCC_DYNAMIC_NO_PIC = NO;
				GCC_NO_COMMON_BLOCKS = YES;
				GCC_OPTIMIZATION_LEVEL = 0;
				GCC_PREPROCESSOR_DEFINITIONS = (
					"DEBUG=1",
					"$(inherited)",
				);
				GCC_WARN_64_TO_32_BIT_CONVERSION = YES;
				GCC_WARN_ABOUT_RETURN_TYPE = YES_ERROR;
				GCC_WARN_UNDECLARED_SELECTOR = YES;
				GCC_WARN_UNINITIALIZED_AUTOS = YES_AGGRESSIVE;
				GCC_WARN_UNUSED_FUNCTION = YES;
				GCC_WARN_UNUSED_VARIABLE = YES;
				IPHONEOS_DEPLOYMENT_TARGET = 13.2;
				MTL_ENABLE_DEBUG_INFO = INCLUDE_SOURCE;
				MTL_FAST_MATH = YES;
				ONLY_ACTIVE_ARCH = YES;
				SDKROOT = iphoneos;
				SWIFT_ACTIVE_COMPILATION_CONDITIONS = DEBUG;
				SWIFT_OPTIMIZATION_LEVEL = "-Onone";
			};
			name = Debug;
		};
		B86B79C52464708400A9AB04 /* Release */ = {
			isa = XCBuildConfiguration;
			buildSettings = {
				ALWAYS_SEARCH_USER_PATHS = NO;
				CLANG_ANALYZER_NONNULL = YES;
				CLANG_ANALYZER_NUMBER_OBJECT_CONVERSION = YES_AGGRESSIVE;
				CLANG_CXX_LANGUAGE_STANDARD = "gnu++14";
				CLANG_CXX_LIBRARY = "libc++";
				CLANG_ENABLE_MODULES = YES;
				CLANG_ENABLE_OBJC_ARC = YES;
				CLANG_ENABLE_OBJC_WEAK = YES;
				CLANG_WARN_BLOCK_CAPTURE_AUTORELEASING = YES;
				CLANG_WARN_BOOL_CONVERSION = YES;
				CLANG_WARN_COMMA = YES;
				CLANG_WARN_CONSTANT_CONVERSION = YES;
				CLANG_WARN_DEPRECATED_OBJC_IMPLEMENTATIONS = YES;
				CLANG_WARN_DIRECT_OBJC_ISA_USAGE = YES_ERROR;
				CLANG_WARN_DOCUMENTATION_COMMENTS = YES;
				CLANG_WARN_EMPTY_BODY = YES;
				CLANG_WARN_ENUM_CONVERSION = YES;
				CLANG_WARN_INFINITE_RECURSION = YES;
				CLANG_WARN_INT_CONVERSION = YES;
				CLANG_WARN_NON_LITERAL_NULL_CONVERSION = YES;
				CLANG_WARN_OBJC_IMPLICIT_RETAIN_SELF = YES;
				CLANG_WARN_OBJC_LITERAL_CONVERSION = YES;
				CLANG_WARN_OBJC_ROOT_CLASS = YES_ERROR;
				CLANG_WARN_RANGE_LOOP_ANALYSIS = YES;
				CLANG_WARN_STRICT_PROTOTYPES = YES;
				CLANG_WARN_SUSPICIOUS_MOVE = YES;
				CLANG_WARN_UNGUARDED_AVAILABILITY = YES_AGGRESSIVE;
				CLANG_WARN_UNREACHABLE_CODE = YES;
				CLANG_WARN__DUPLICATE_METHOD_MATCH = YES;
				COPY_PHASE_STRIP = NO;
				DEBUG_INFORMATION_FORMAT = "dwarf-with-dsym";
				ENABLE_NS_ASSERTIONS = NO;
				ENABLE_STRICT_OBJC_MSGSEND = YES;
				GCC_C_LANGUAGE_STANDARD = gnu11;
				GCC_NO_COMMON_BLOCKS = YES;
				GCC_WARN_64_TO_32_BIT_CONVERSION = YES;
				GCC_WARN_ABOUT_RETURN_TYPE = YES_ERROR;
				GCC_WARN_UNDECLARED_SELECTOR = YES;
				GCC_WARN_UNINITIALIZED_AUTOS = YES_AGGRESSIVE;
				GCC_WARN_UNUSED_FUNCTION = YES;
				GCC_WARN_UNUSED_VARIABLE = YES;
				IPHONEOS_DEPLOYMENT_TARGET = 13.2;
				MTL_ENABLE_DEBUG_INFO = NO;
				MTL_FAST_MATH = YES;
				SDKROOT = iphoneos;
				SWIFT_COMPILATION_MODE = wholemodule;
				SWIFT_OPTIMIZATION_LEVEL = "-O";
				VALIDATE_PRODUCT = YES;
			};
			name = Release;
		};
		B86B79C72464708400A9AB04 /* Debug */ = {
			isa = XCBuildConfiguration;
			buildSettings = {
				ASSETCATALOG_COMPILER_APPICON_NAME = AppIcon;
				CODE_SIGN_STYLE = Automatic;
				DEVELOPMENT_ASSET_PATHS = "\"WeatherApp/Preview Content\"";
				ENABLE_PREVIEWS = YES;
				INFOPLIST_FILE = WeatherApp/Info.plist;
				LD_RUNPATH_SEARCH_PATHS = (
					"$(inherited)",
					"@executable_path/Frameworks",
				);
				PRODUCT_BUNDLE_IDENTIFIER = com.paulokeller.WeatherApp;
				PRODUCT_NAME = "$(TARGET_NAME)";
				SWIFT_VERSION = 5.0;
				TARGETED_DEVICE_FAMILY = "1,2";
			};
			name = Debug;
		};
		B86B79C82464708400A9AB04 /* Release */ = {
			isa = XCBuildConfiguration;
			buildSettings = {
				ASSETCATALOG_COMPILER_APPICON_NAME = AppIcon;
				CODE_SIGN_STYLE = Automatic;
				DEVELOPMENT_ASSET_PATHS = "\"WeatherApp/Preview Content\"";
				ENABLE_PREVIEWS = YES;
				INFOPLIST_FILE = WeatherApp/Info.plist;
				LD_RUNPATH_SEARCH_PATHS = (
					"$(inherited)",
					"@executable_path/Frameworks",
				);
				PRODUCT_BUNDLE_IDENTIFIER = com.paulokeller.WeatherApp;
				PRODUCT_NAME = "$(TARGET_NAME)";
				SWIFT_VERSION = 5.0;
				TARGETED_DEVICE_FAMILY = "1,2";
			};
			name = Release;
		};
/* End XCBuildConfiguration section */

/* Begin XCConfigurationList section */
		B86B79AD2464708300A9AB04 /* Build configuration list for PBXProject "WeatherApp" */ = {
			isa = XCConfigurationList;
			buildConfigurations = (
				B86B79C42464708400A9AB04 /* Debug */,
				B86B79C52464708400A9AB04 /* Release */,
			);
			defaultConfigurationIsVisible = 0;
			defaultConfigurationName = Release;
		};
		B86B79C62464708400A9AB04 /* Build configuration list for PBXNativeTarget "WeatherApp" */ = {
			isa = XCConfigurationList;
			buildConfigurations = (
				B86B79C72464708400A9AB04 /* Debug */,
				B86B79C82464708400A9AB04 /* Release */,
			);
			defaultConfigurationIsVisible = 0;
			defaultConfigurationName = Release;
		};
/* End XCConfigurationList section */
	};
	rootObject = B86B79AA2464708300A9AB04 /* Project object */;
}
